github.com/pelletier/go-toml/v2 v2.3.0 h1:k59bC/lIZREW0/iVaQR8nDHxVq8OVlIzYCOJf421CaM=
github.com/pelletier/go-toml/v2 v2.3.0/go.mod h1:2gIqNv+qfxSVS7cM2xJQKtLSTLUE9V8t9Stt+h56mCY=
github.com/rizome-dev/go-cerebras v0.0.0-20250704040528-61b5e6f0aede h1:aOilrRQI9xJ+5vnhJXHQU6zDxbc1b69BKhhgAfu5mhE=
github.com/rizome-dev/go-cerebras v0.0.0-20250704040528-61b5e6f0aede/go.mod h1:NrA8p6xA6VFFJeVnNxACkhZstR9RX80AFIVc87LKURQ=
